
Microsoft Visual Studio Solution File, Format Version 12.00
# Visual Studio Version 16
VisualStudioVersion = 16.0.30503.244
MinimumVisualStudioVersion = 10.0.40219.1
Project("{FAE04EC0-301F-11D3-BF4B-00C04F79EFBC}") = "TrackTrace", "TrackTrace.csproj", "{C07F5EE6-F982-4B93-B698-6F0922F20EA2}"
EndProject
Project("{FAE04EC0-301F-11D3-BF4B-00C04F79EFBC}") = "TrackTraceTests", "..\TrackTraceTests\TrackTraceTests.csproj", "{DD500BDC-CA8A-44DC-B692-A40E6D87BE33}"
EndProject
Global
	GlobalSection(SolutionConfigurationPlatforms) = preSolution
		Debug|Any CPU = Debug|Any CPU
		Release|Any CPU = Release|Any CPU
	EndGlobalSection
	GlobalSection(ProjectConfigurationPlatforms) = postSolution
		{C07F5EE6-F982-4B93-B698-6F0922F20EA2}.Debug|Any CPU.ActiveCfg = Debug|Any CPU
		{C07F5EE6-F982-4B93-B698-6F0922F20EA2}.Debug|Any CPU.Build.0 = Debug|Any CPU
		{C07F5EE6-F982-4B93-B698-6F0922F20EA2}.Release|Any CPU.ActiveCfg = Release|Any CPU
		{C07F5EE6-F982-4B93-B698-6F0922F20EA2}.Release|Any CPU.Build.0 = Release|Any CPU
		{DD500BDC-CA8A-44DC-B692-A40E6D87BE33}.Debug|Any CPU.ActiveCfg = Debug|Any CPU
		{DD500BDC-CA8A-44DC-B692-A40E6D87BE33}.Debug|Any CPU.Build.0 = Debug|Any CPU
		{DD500BDC-CA8A-44DC-B692-A40E6D87BE33}.Release|Any CPU.ActiveCfg = Release|Any CPU
		{DD500BDC-CA8A-44DC-B692-A40E6D87BE33}.Release|Any CPU.Build.0 = Release|Any CPU
	EndGlobalSection
	GlobalSection(SolutionProperties) = preSolution
		HideSolutionNode = FALSE
	EndGlobalSection
	GlobalSection(ExtensibilityGlobals) = postSolution
		SolutionGuid = {53297C76-C09A-49D3-813D-A0B871187BFB}
	EndGlobalSection
EndGlobal
